// !$*UTF8*$!
{
	archiveVersion = 1;
	classes = {
	};
	objectVersion = 46;
	objects = {

/* Begin PBXBuildFile section */
		ACB8A3C21935B79500816E39 /* Foundation.framework in Frameworks */ = {isa = PBXBuildFile; fileRef = ACB8A3C11935B79500816E39 /* Foundation.framework */; };
		ACB8A3C41935B79500816E39 /* CoreGraphics.framework in Frameworks */ = {isa = PBXBuildFile; fileRef = ACB8A3C31935B79500816E39 /* CoreGraphics.framework */; };
		ACB8A3C61935B79500816E39 /* UIKit.framework in Frameworks */ = {isa = PBXBuildFile; fileRef = ACB8A3C51935B79500816E39 /* UIKit.framework */; };
		ACB8A3CC1935B79500816E39 /* InfoPlist.strings in Resources */ = {isa = PBXBuildFile; fileRef = ACB8A3CA1935B79500816E39 /* InfoPlist.strings */; };
		ACB8A3CE1935B79500816E39 /* main.m in Sources */ = {isa = PBXBuildFile; fileRef = ACB8A3CD1935B79500816E39 /* main.m */; };
		ACB8A3D21935B79500816E39 /* OWAppDelegate.m in Sources */ = {isa = PBXBuildFile; fileRef = ACB8A3D11935B79500816E39 /* OWAppDelegate.m */; };
		ACB8A3D51935B79500816E39 /* Main.storyboard in Resources */ = {isa = PBXBuildFile; fileRef = ACB8A3D31935B79500816E39 /* Main.storyboard */; };
		ACB8A3DA1935B79500816E39 /* Images.xcassets in Resources */ = {isa = PBXBuildFile; fileRef = ACB8A3D91935B79500816E39 /* Images.xcassets */; };
		ACB8A3E11935B79500816E39 /* XCTest.framework in Frameworks */ = {isa = PBXBuildFile; fileRef = ACB8A3E01935B79500816E39 /* XCTest.framework */; };
		ACB8A3E21935B79500816E39 /* Foundation.framework in Frameworks */ = {isa = PBXBuildFile; fileRef = ACB8A3C11935B79500816E39 /* Foundation.framework */; };
		ACB8A3E31935B79500816E39 /* UIKit.framework in Frameworks */ = {isa = PBXBuildFile; fileRef = ACB8A3C51935B79500816E39 /* UIKit.framework */; };
		ACB8A3EB1935B79500816E39 /* InfoPlist.strings in Resources */ = {isa = PBXBuildFile; fileRef = ACB8A3E91935B79500816E39 /* InfoPlist.strings */; };
		ACB8A3ED1935B79500816E39 /* Out_OF_The_WorldTests.m in Sources */ = {isa = PBXBuildFile; fileRef = ACB8A3EC1935B79500816E39 /* Out_OF_The_WorldTests.m */; };
		ACB8A3F81935B98800816E39 /* OWOuterSpaceTableViewController.m in Sources */ = {isa = PBXBuildFile; fileRef = ACB8A3F71935B98800816E39 /* OWOuterSpaceTableViewController.m */; };
/* End PBXBuildFile section */

/* Begin PBXContainerItemProxy section */
		ACB8A3E41935B79500816E39 /* PBXContainerItemProxy */ = {
			isa = PBXContainerItemProxy;
			containerPortal = ACB8A3B61935B79500816E39 /* Project object */;
			proxyType = 1;
			remoteGlobalIDString = ACB8A3BD1935B79500816E39;
			remoteInfo = "Out OF The World";
		};
/* End PBXContainerItemProxy section */

/* Begin PBXFileReference section */
		ACB8A3BE1935B79500816E39 /* Out OF The World.app */ = {isa = PBXFileReference; explicitFileType = wrapper.application; includeInIndex = 0; path = "Out OF The World.app"; sourceTree = BUILT_PRODUCTS_DIR; };
		ACB8A3C11935B79500816E39 /* Foundation.framework */ = {isa = PBXFileReference; lastKnownFileType = wrapper.framework; name = Foundation.framework; path = System/Library/Frameworks/Foundation.framework; sourceTree = SDKROOT; };
		ACB8A3C31935B79500816E39 /* CoreGraphics.framework */ = {isa = PBXFileReference; lastKnownFileType = wrapper.framework; name = CoreGraphics.framework; path = System/Library/Frameworks/CoreGraphics.framework; sourceTree = SDKROOT; };
		ACB8A3C51935B79500816E39 /* UIKit.framework */ = {isa = PBXFileReference; lastKnownFileType = wrapper.framework; name = UIKit.framework; path = System/Library/Frameworks/UIKit.framework; sourceTree = SDKROOT; };
		ACB8A3C91935B79500816E39 /* Out OF The World-Info.plist */ = {isa = PBXFileReference; lastKnownFileType = text.plist.xml; path = "Out OF The World-Info.plist"; sourceTree = "<group>"; };
		ACB8A3CB1935B79500816E39 /* en */ = {isa = PBXFileReference; lastKnownFileType = text.plist.strings; name = en; path = en.lproj/InfoPlist.strings; sourceTree = "<group>"; };
		ACB8A3CD1935B79500816E39 /* main.m */ = {isa = PBXFileReference; lastKnownFileType = sourcecode.c.objc; path = main.m; sourceTree = "<group>"; };
		ACB8A3CF1935B79500816E39 /* Out OF The World-Prefix.pch */ = {isa = PBXFileReference; lastKnownFileType = sourcecode.c.h; path = "Out OF The World-Prefix.pch"; sourceTree = "<group>"; };
		ACB8A3D01935B79500816E39 /* OWAppDelegate.h */ = {isa = PBXFileReference; lastKnownFileType = sourcecode.c.h; path = OWAppDelegate.h; sourceTree = "<group>"; };
		ACB8A3D11935B79500816E39 /* OWAppDelegate.m */ = {isa = PBXFileReference; lastKnownFileType = sourcecode.c.objc; path = OWAppDelegate.m; sourceTree = "<group>"; };
		ACB8A3D41935B79500816E39 /* Base */ = {isa = PBXFileReference; lastKnownFileType = file.storyboard; name = Base; path = Base.lproj/Main.storyboard; sourceTree = "<group>"; };
		ACB8A3D91935B79500816E39 /* Images.xcassets */ = {isa = PBXFileReference; lastKnownFileType = folder.assetcatalog; path = Images.xcassets; sourceTree = "<group>"; };
		ACB8A3DF1935B79500816E39 /* Out OF The WorldTests.xctest */ = {isa = PBXFileReference; explicitFileType = wrapper.cfbundle; includeInIndex = 0; path = "Out OF The WorldTests.xctest"; sourceTree = BUILT_PRODUCTS_DIR; };
		ACB8A3E01935B79500816E39 /* XCTest.framework */ = {isa = PBXFileReference; lastKnownFileType = wrapper.framework; name = XCTest.framework; path = Library/Frameworks/XCTest.framework; sourceTree = DEVELOPER_DIR; };
		ACB8A3E81935B79500816E39 /* Out OF The WorldTests-Info.plist */ = {isa = PBXFileReference; lastKnownFileType = text.plist.xml; path = "Out OF The WorldTests-Info.plist"; sourceTree = "<group>"; };
		ACB8A3EA1935B79500816E39 /* en */ = {isa = PBXFileReference; lastKnownFileType = text.plist.strings; name = en; path = en.lproj/InfoPlist.strings; sourceTree = "<group>"; };
		ACB8A3EC1935B79500816E39 /* Out_OF_The_WorldTests.m */ = {isa = PBXFileReference; lastKnownFileType = sourcecode.c.objc; path = Out_OF_The_WorldTests.m; sourceTree = "<group>"; };
		ACB8A3F61935B98800816E39 /* OWOuterSpaceTableViewController.h */ = {isa = PBXFileReference; fileEncoding = 4; lastKnownFileType = sourcecode.c.h; name = OWOuterSpaceTableViewController.h; path = ../OWOuterSpaceTableViewController.h; sourceTree = "<group>"; };
		ACB8A3F71935B98800816E39 /* OWOuterSpaceTableViewController.m */ = {isa = PBXFileReference; fileEncoding = 4; lastKnownFileType = sourcecode.c.objc; name = OWOuterSpaceTableViewController.m; path = ../OWOuterSpaceTableViewController.m; sourceTree = "<group>"; };
/* End PBXFileReference section */

/* Begin PBXFrameworksBuildPhase section */
		ACB8A3BB1935B79500816E39 /* Frameworks */ = {
			isa = PBXFrameworksBuildPhase;
			buildActionMask = 2147483647;
			files = (
				ACB8A3C41935B79500816E39 /* CoreGraphics.framework in Frameworks */,
				ACB8A3C61935B79500816E39 /* UIKit.framework in Frameworks */,
				ACB8A3C21935B79500816E39 /* Foundation.framework in Frameworks */,
			);
			runOnlyForDeploymentPostprocessing = 0;
		};
		ACB8A3DC1935B79500816E39 /* Frameworks */ = {
			isa = PBXFrameworksBuildPhase;
			buildActionMask = 2147483647;
			files = (
				ACB8A3E11935B79500816E39 /* XCTest.framework in Frameworks */,
				ACB8A3E31935B79500816E39 /* UIKit.framework in Frameworks */,
				ACB8A3E21935B79500816E39 /* Foundation.framework in Frameworks */,
			);
			runOnlyForDeploymentPostprocessing = 0;
		};
/* End PBXFrameworksBuildPhase section */

/* Begin PBXGroup section */
		ACB8A3B51935B79500816E39 = {
			isa = PBXGroup;
			children = (
				ACB8A3C71935B79500816E39 /* Out OF The World */,
				ACB8A3E61935B79500816E39 /* Out OF The WorldTests */,
				ACB8A3C01935B79500816E39 /* Frameworks */,
				ACB8A3BF1935B79500816E39 /* Products */,
			);
			sourceTree = "<group>";
		};
		ACB8A3BF1935B79500816E39 /* Products */ = {
			isa = PBXGroup;
			children = (
				ACB8A3BE1935B79500816E39 /* Out OF The World.app */,
				ACB8A3DF1935B79500816E39 /* Out OF The WorldTests.xctest */,
			);
			name = Products;
			sourceTree = "<group>";
		};
		ACB8A3C01935B79500816E39 /* Frameworks */ = {
			isa = PBXGroup;
			children = (
				ACB8A3C11935B79500816E39 /* Foundation.framework */,
				ACB8A3C31935B79500816E39 /* CoreGraphics.framework */,
				ACB8A3C51935B79500816E39 /* UIKit.framework */,
				ACB8A3E01935B79500816E39 /* XCTest.framework */,
			);
			name = Frameworks;
			sourceTree = "<group>";
		};
		ACB8A3C71935B79500816E39 /* Out OF The World */ = {
			isa = PBXGroup;
			children = (
				ACB8A3D01935B79500816E39 /* OWAppDelegate.h */,
				ACB8A3D11935B79500816E39 /* OWAppDelegate.m */,
				ACB8A3F61935B98800816E39 /* OWOuterSpaceTableViewController.h */,
				ACB8A3F71935B98800816E39 /* OWOuterSpaceTableViewController.m */,
				ACB8A3D31935B79500816E39 /* Main.storyboard */,
				ACB8A3D91935B79500816E39 /* Images.xcassets */,
				ACB8A3C81935B79500816E39 /* Supporting Files */,
			);
			path = "Out OF The World";
			sourceTree = "<group>";
		};
		ACB8A3C81935B79500816E39 /* Supporting Files */ = {
			isa = PBXGroup;
			children = (
				ACB8A3C91935B79500816E39 /* Out OF The World-Info.plist */,
				ACB8A3CA1935B79500816E39 /* InfoPlist.strings */,
				ACB8A3CD1935B79500816E39 /* main.m */,
				ACB8A3CF1935B79500816E39 /* Out OF The World-Prefix.pch */,
			);
			name = "Supporting Files";
			sourceTree = "<group>";
		};
		ACB8A3E61935B79500816E39 /* Out OF The WorldTests */ = {
			isa = PBXGroup;
			children = (
				ACB8A3EC1935B79500816E39 /* Out_OF_The_WorldTests.m */,
				ACB8A3E71935B79500816E39 /* Supporting Files */,
			);
			path = "Out OF The WorldTests";
			sourceTree = "<group>";
		};
		ACB8A3E71935B79500816E39 /* Supporting Files */ = {
			isa = PBXGroup;
			children = (
				ACB8A3E81935B79500816E39 /* Out OF The WorldTests-Info.plist */,
				ACB8A3E91935B79500816E39 /* InfoPlist.strings */,
			);
			name = "Supporting Files";
			sourceTree = "<group>";
		};
/* End PBXGroup section */

/* Begin PBXNativeTarget section */
		ACB8A3BD1935B79500816E39 /* Out OF The World */ = {
			isa = PBXNativeTarget;
			buildConfigurationList = ACB8A3F01935B79500816E39 /* Build configuration list for PBXNativeTarget "Out OF The World" */;
			buildPhases = (
				ACB8A3BA1935B79500816E39 /* Sources */,
				ACB8A3BB1935B79500816E39 /* Frameworks */,
				ACB8A3BC1935B79500816E39 /* Resources */,
			);
			buildRules = (
			);
			dependencies = (
			);
			name = "Out OF The World";
			productName = "Out OF The World";
			productReference = ACB8A3BE1935B79500816E39 /* Out OF The World.app */;
			productType = "com.apple.product-type.application";
		};
		ACB8A3DE1935B79500816E39 /* Out OF The WorldTests */ = {
			isa = PBXNativeTarget;
			buildConfigurationList = ACB8A3F31935B79500816E39 /* Build configuration list for PBXNativeTarget "Out OF The WorldTests" */;
			buildPhases = (
				ACB8A3DB1935B79500816E39 /* Sources */,
				ACB8A3DC1935B79500816E39 /* Frameworks */,
				ACB8A3DD1935B79500816E39 /* Resources */,
			);
			buildRules = (
			);
			dependencies = (
				ACB8A3E51935B79500816E39 /* PBXTargetDependency */,
			);
			name = "Out OF The WorldTests";
			productName = "Out OF The WorldTests";
			productReference = ACB8A3DF1935B79500816E39 /* Out OF The WorldTests.xctest */;
			productType = "com.apple.product-type.bundle.unit-test";
		};
/* End PBXNativeTarget section */

/* Begin PBXProject section */
		ACB8A3B61935B79500816E39 /* Project object */ = {
			isa = PBXProject;
			attributes = {
				CLASSPREFIX = OW;
				LastUpgradeCheck = 0510;
				ORGANIZATIONNAME = MuzafferHatiper;
				TargetAttributes = {
					ACB8A3DE1935B79500816E39 = {
						TestTargetID = ACB8A3BD1935B79500816E39;
					};
				};
			};
			buildConfigurationList = ACB8A3B91935B79500816E39 /* Build configuration list for PBXProject "Out OF The World" */;
			compatibilityVersion = "Xcode 3.2";
			developmentRegion = English;
			hasScannedForEncodings = 0;
			knownRegions = (
				en,
				Base,
			);
			mainGroup = ACB8A3B51935B79500816E39;
			productRefGroup = ACB8A3BF1935B79500816E39 /* Products */;
			projectDirPath = "";
			projectRoot = "";
			targets = (
				ACB8A3BD1935B79500816E39 /* Out OF The World */,
				ACB8A3DE1935B79500816E39 /* Out OF The WorldTests */,
			);
		};
/* End PBXProject section */

/* Begin PBXResourcesBuildPhase section */
		ACB8A3BC1935B79500816E39 /* Resources */ = {
			isa = PBXResourcesBuildPhase;
			buildActionMask = 2147483647;
			files = (
				ACB8A3DA1935B79500816E39 /* Images.xcassets in Resources */,
				ACB8A3CC1935B79500816E39 /* InfoPlist.strings in Resources */,
				ACB8A3D51935B79500816E39 /* Main.storyboard in Resources */,
			);
			runOnlyForDeploymentPostprocessing = 0;
		};
		ACB8A3DD1935B79500816E39 /* Resources */ = {
			isa = PBXResourcesBuildPhase;
			buildActionMask = 2147483647;
			files = (
				ACB8A3EB1935B79500816E39 /* InfoPlist.strings in Resources */,
			);
			runOnlyForDeploymentPostprocessing = 0;
		};
/* End PBXResourcesBuildPhase section */

/* Begin PBXSourcesBuildPhase section */
		ACB8A3BA1935B79500816E39 /* Sources */ = {
			isa = PBXSourcesBuildPhase;
			buildActionMask = 2147483647;
			files = (
				ACB8A3F81935B98800816E39 /* OWOuterSpaceTableViewController.m in Sources */,
				ACB8A3D21935B79500816E39 /* OWAppDelegate.m in Sources */,
				ACB8A3CE1935B79500816E39 /* main.m in Sources */,
			);
			runOnlyForDeploymentPostprocessing = 0;
		};
		ACB8A3DB1935B79500816E39 /* Sources */ = {
			isa = PBXSourcesBuildPhase;
			buildActionMask = 2147483647;
			files = (
				ACB8A3ED1935B79500816E39 /* Out_OF_The_WorldTests.m in Sources */,
			);
			runOnlyForDeploymentPostprocessing = 0;
		};
/* End PBXSourcesBuildPhase section */

/* Begin PBXTargetDependency section */
		ACB8A3E51935B79500816E39 /* PBXTargetDependency */ = {
			isa = PBXTargetDependency;
			target = ACB8A3BD1935B79500816E39 /* Out OF The World */;
			targetProxy = ACB8A3E41935B79500816E39 /* PBXContainerItemProxy */;
		};
/* End PBXTargetDependency section */

/* Begin PBXVariantGroup section */
		ACB8A3CA1935B79500816E39 /* InfoPlist.strings */ = {
			isa = PBXVariantGroup;
			children = (
				ACB8A3CB1935B79500816E39 /* en */,
			);
			name = InfoPlist.strings;
			sourceTree = "<group>";
		};
		ACB8A3D31935B79500816E39 /* Main.storyboard */ = {
			isa = PBXVariantGroup;
			children = (
				ACB8A3D41935B79500816E39 /* Base */,
			);
			name = Main.storyboard;
			sourceTree = "<group>";
		};
		ACB8A3E91935B79500816E39 /* InfoPlist.strings */ = {
			isa = PBXVariantGroup;
			children = (
				ACB8A3EA1935B79500816E39 /* en */,
			);
			name = InfoPlist.strings;
			sourceTree = "<group>";
		};
/* End PBXVariantGroup section */

/* Begin XCBuildConfiguration section */
		ACB8A3EE1935B79500816E39 /* Debug */ = {
			isa = XCBuildConfiguration;
			buildSettings = {
				ALWAYS_SEARCH_USER_PATHS = NO;
				CLANG_CXX_LANGUAGE_STANDARD = "gnu++0x";
				CLANG_CXX_LIBRARY = "libc++";
				CLANG_ENABLE_MODULES = YES;
				CLANG_ENABLE_OBJC_ARC = YES;
				CLANG_WARN_BOOL_CONVERSION = YES;
				CLANG_WARN_CONSTANT_CONVERSION = YES;
				CLANG_WARN_DIRECT_OBJC_ISA_USAGE = YES_ERROR;
				CLANG_WARN_EMPTY_BODY = YES;
				CLANG_WARN_ENUM_CONVERSION = YES;
				CLANG_WARN_INT_CONVERSION = YES;
				CLANG_WARN_OBJC_ROOT_CLASS = YES_ERROR;
				CLANG_WARN__DUPLICATE_METHOD_MATCH = YES;
				"CODE_SIGN_IDENTITY[sdk=iphoneos*]" = "iPhone Developer";
				COPY_PHASE_STRIP = NO;
				GCC_C_LANGUAGE_STANDARD = gnu99;
				GCC_DYNAMIC_NO_PIC = NO;
				GCC_OPTIMIZATION_LEVEL = 0;
				GCC_PREPROCESSOR_DEFINITIONS = (
					"DEBUG=1",
					"$(inherited)",
				);
				GCC_SYMBOLS_PRIVATE_EXTERN = NO;
				GCC_WARN_64_TO_32_BIT_CONVERSION = YES;
				GCC_WARN_ABOUT_RETURN_TYPE = YES_ERROR;
				GCC_WARN_UNDECLARED_SELECTOR = YES;
				GCC_WARN_UNINITIALIZED_AUTOS = YES_AGGRESSIVE;
				GCC_WARN_UNUSED_FUNCTION = YES;
				GCC_WARN_UNUSED_VARIABLE = YES;
				IPHONEOS_DEPLOYMENT_TARGET = 7.1;
				ONLY_ACTIVE_ARCH = YES;
				SDKROOT = iphoneos;
			};
			name = Debug;
		};
		ACB8A3EF1935B79500816E39 /* Release */ = {
			isa = XCBuildConfiguration;
			buildSettings = {
				ALWAYS_SEARCH_USER_PATHS = NO;
				CLANG_CXX_LANGUAGE_STANDARD = "gnu++0x";
				CLANG_CXX_LIBRARY = "libc++";
				CLANG_ENABLE_MODULES = YES;
				CLANG_ENABLE_OBJC_ARC = YES;
				CLANG_WARN_BOOL_CONVERSION = YES;
				CLANG_WARN_CONSTANT_CONVERSION = YES;
				CLANG_WARN_DIRECT_OBJC_ISA_USAGE = YES_ERROR;
				CLANG_WARN_EMPTY_BODY = YES;
				CLANG_WARN_ENUM_CONVERSION = YES;
				CLANG_WARN_INT_CONVERSION = YES;
				CLANG_WARN_OBJC_ROOT_CLASS = YES_ERROR;
				CLANG_WARN__DUPLICATE_METHOD_MATCH = YES;
				"CODE_SIGN_IDENTITY[sdk=iphoneos*]" = "iPhone Developer";
				COPY_PHASE_STRIP = YES;
				ENABLE_NS_ASSERTIONS = NO;
				GCC_C_LANGUAGE_STANDARD = gnu99;
				GCC_WARN_64_TO_32_BIT_CONVERSION = YES;
				GCC_WARN_ABOUT_RETURN_TYPE = YES_ERROR;
				GCC_WARN_UNDECLARED_SELECTOR = YES;
				GCC_WARN_UNINITIALIZED_AUTOS = YES_AGGRESSIVE;
				GCC_WARN_UNUSED_FUNCTION = YES;
				GCC_WARN_UNUSED_VARIABLE = YES;
				IPHONEOS_DEPLOYMENT_TARGET = 7.1;
				SDKROOT = iphoneos;
				VALIDATE_PRODUCT = YES;
			};
			name = Release;
		};
		ACB8A3F11935B79500816E39 /* Debug */ = {
			isa = XCBuildConfiguration;
			buildSettings = {
				ASSETCATALOG_COMPILER_APPICON_NAME = AppIcon;
				ASSETCATALOG_COMPILER_LAUNCHIMAGE_NAME = LaunchImage;
				"CODE_SIGN_IDENTITY[sdk=iphoneos*]" = "iPhone Developer";
				GCC_PRECOMPILE_PREFIX_HEADER = YES;
				GCC_PREFIX_HEADER = "Out OF The World/Out OF The World-Prefix.pch";
				INFOPLIST_FILE = "Out OF The World/Out OF The World-Info.plist";
				PRODUCT_NAME = "$(TARGET_NAME)";
				SDKROOT = iphoneos7.1;
				WRAPPER_EXTENSION = app;
			};
			name = Debug;
		};
		ACB8A3F21935B79500816E39 /* Release */ = {
			isa = XCBuildConfiguration;
			buildSettings = {
				ASSETCATALOG_COMPILER_APPICON_NAME = AppIcon;
				ASSETCATALOG_COMPILER_LAUNCHIMAGE_NAME = LaunchImage;
				"CODE_SIGN_IDENTITY[sdk=iphoneos*]" = "iPhone Developer";
				GCC_PRECOMPILE_PREFIX_HEADER = YES;
				GCC_PREFIX_HEADER = "Out OF The World/Out OF The World-Prefix.pch";
				INFOPLIST_FILE = "Out OF The World/Out OF The World-Info.plist";
				ONLY_ACTIVE_ARCH = NO;
				PRODUCT_NAME = "$(TARGET_NAME)";
				SDKROOT = iphoneos7.1;
				WRAPPER_EXTENSION = app;
			};
			name = Release;
		};
		ACB8A3F41935B79500816E39 /* Debug */ = {
			isa = XCBuildConfiguration;
			buildSettings = {
				BUNDLE_LOADER = "$(BUILT_PRODUCTS_DIR)/Out OF The World.app/Out OF The World";
				FRAMEWORK_SEARCH_PATHS = (
					"$(SDKROOT)/Developer/Library/Frameworks",
					"$(inherited)",
					"$(DEVELOPER_FRAMEWORKS_DIR)",
				);
				GCC_PRECOMPILE_PREFIX_HEADER = YES;
				GCC_PREFIX_HEADER = "Out OF The World/Out OF The World-Prefix.pch";
				GCC_PREPROCESSOR_DEFINITIONS = (
					"DEBUG=1",
					"$(inherited)",
				);
				INFOPLIST_FILE = "Out OF The WorldTests/Out OF The WorldTests-Info.plist";
				PRODUCT_NAME = "$(TARGET_NAME)";
				TEST_HOST = "$(BUNDLE_LOADER)";
				WRAPPER_EXTENSION = xctest;
			};
			name = Debug;
		};
		ACB8A3F51935B79500816E39 /* Release */ = {
			isa = XCBuildConfiguration;
			buildSettings = {
				BUNDLE_LOADER = "$(BUILT_PRODUCTS_DIR)/Out OF The World.app/Out OF The World";
				FRAMEWORK_SEARCH_PATHS = (
					"$(SDKROOT)/Developer/Library/Frameworks",
					"$(inherited)",
					"$(DEVELOPER_FRAMEWORKS_DIR)",
				);
				GCC_PRECOMPILE_PREFIX_HEADER = YES;
				GCC_PREFIX_HEADER = "Out OF The World/Out OF The World-Prefix.pch";
				INFOPLIST_FILE = "Out OF The WorldTests/Out OF The WorldTests-Info.plist";
				PRODUCT_NAME = "$(TARGET_NAME)";
				TEST_HOST = "$(BUNDLE_LOADER)";
				WRAPPER_EXTENSION = xctest;
			};
			name = Release;
		};
/* End XCBuildConfiguration section */

/* Begin XCConfigurationList section */
		ACB8A3B91935B79500816E39 /* Build configuration list for PBXProject "Out OF The World" */ = {
			isa = XCConfigurationList;
			buildConfigurations = (
				ACB8A3EE1935B79500816E39 /* Debug */,
				ACB8A3EF1935B79500816E39 /* Release */,
			);
			defaultConfigurationIsVisible = 0;
			defaultConfigurationName = Release;
		};
		ACB8A3F01935B79500816E39 /* Build configuration list for PBXNativeTarget "Out OF The World" */ = {
			isa = XCConfigurationList;
			buildConfigurations = (
				ACB8A3F11935B79500816E39 /* Debug */,
				ACB8A3F21935B79500816E39 /* Release */,
			);
			defaultConfigurationIsVisible = 0;
			defaultConfigurationName = Release;
		};
		ACB8A3F31935B79500816E39 /* Build configuration list for PBXNativeTarget "Out OF The WorldTests" */ = {
			isa = XCConfigurationList;
			buildConfigurations = (
				ACB8A3F41935B79500816E39 /* Debug */,
				ACB8A3F51935B79500816E39 /* Release */,
			);
			defaultConfigurationIsVisible = 0;
			defaultConfigurationName = Release;
		};
/* End XCConfigurationList section */
	};
	rootObject = ACB8A3B61935B79500816E39 /* Project object */;
}
